
Microsoft Visual Studio Solution File, Format Version 12.00
# Visual Studio Version 17
VisualStudioVersion = 17.9.34414.90
MinimumVisualStudioVersion = 10.0.40219.1
Project("{2150E333-8FDC-42A3-9474-1A3956D46DE8}") = "Core", "Core", "{C745C2CC-F1A2-4C84-8CE5-A3F9C220124C}"
EndProject
Project("{9A19103F-16F7-4668-BE54-9A1E7A4F7556}") = "CarBook.Domain", "Core\CarBook.Domain\CarBook.Domain.csproj", "{5F8C78F8-9A0F-465E-B596-48E46B1F564A}"
EndProject
Project("{2150E333-8FDC-42A3-9474-1A3956D46DE8}") = "Infrastructure", "Infrastructure", "{817F6C02-D0AA-4F3A-A626-AD4C97454AF4}"
EndProject
Project("{9A19103F-16F7-4668-BE54-9A1E7A4F7556}") = "CarBook.Persistence", "Infrastructure\CarBook.Persistence\CarBook.Persistence.csproj", "{E141E84A-180F-4908-A7EA-5A43D07A7B66}"
EndProject
Project("{2150E333-8FDC-42A3-9474-1A3956D46DE8}") = "Utilities", "Utilities", "{B3003E85-AA57-4D29-8AED-7942A8FE2732}"
EndProject
Project("{9A19103F-16F7-4668-BE54-9A1E7A4F7556}") = "CarBook.Helper", "Helper\CarBook.Helper.csproj", "{61E15993-B976-4E93-B410-FC52DE5868DA}"
EndProject
Project("{2150E333-8FDC-42A3-9474-1A3956D46DE8}") = "Presentation", "Presentation", "{C8550D44-36DF-4C83-8E55-72F421D02AB2}"
EndProject
Project("{FAE04EC0-301F-11D3-BF4B-00C04F79EFBC}") = "CarBook.WebApi", "Presentation\CarBook.WebApi\CarBook.WebApi.csproj", "{0F5F97B7-67BD-4FF6-8D30-CE6F0165F79D}"
EndProject
Project("{FAE04EC0-301F-11D3-BF4B-00C04F79EFBC}") = "CarBook.Application", "Core\CarBook.Application\CarBook.Application.csproj", "{DE3698A2-D376-44A9-8AF7-4EBAB23A1D59}"
EndProject
Global
	GlobalSection(SolutionConfigurationPlatforms) = preSolution
		Debug|Any CPU = Debug|Any CPU
		Release|Any CPU = Release|Any CPU
	EndGlobalSection
	GlobalSection(ProjectConfigurationPlatforms) = postSolution
		{5F8C78F8-9A0F-465E-B596-48E46B1F564A}.Debug|Any CPU.ActiveCfg = Debug|Any CPU
		{5F8C78F8-9A0F-465E-B596-48E46B1F564A}.Debug|Any CPU.Build.0 = Debug|Any CPU
		{5F8C78F8-9A0F-465E-B596-48E46B1F564A}.Release|Any CPU.ActiveCfg = Release|Any CPU
		{5F8C78F8-9A0F-465E-B596-48E46B1F564A}.Release|Any CPU.Build.0 = Release|Any CPU
		{E141E84A-180F-4908-A7EA-5A43D07A7B66}.Debug|Any CPU.ActiveCfg = Debug|Any CPU
		{E141E84A-180F-4908-A7EA-5A43D07A7B66}.Debug|Any CPU.Build.0 = Debug|Any CPU
		{E141E84A-180F-4908-A7EA-5A43D07A7B66}.Release|Any CPU.ActiveCfg = Release|Any CPU
		{E141E84A-180F-4908-A7EA-5A43D07A7B66}.Release|Any CPU.Build.0 = Release|Any CPU
		{61E15993-B976-4E93-B410-FC52DE5868DA}.Debug|Any CPU.ActiveCfg = Debug|Any CPU
		{61E15993-B976-4E93-B410-FC52DE5868DA}.Debug|Any CPU.Build.0 = Debug|Any CPU
		{61E15993-B976-4E93-B410-FC52DE5868DA}.Release|Any CPU.ActiveCfg = Release|Any CPU
		{61E15993-B976-4E93-B410-FC52DE5868DA}.Release|Any CPU.Build.0 = Release|Any CPU
		{0F5F97B7-67BD-4FF6-8D30-CE6F0165F79D}.Debug|Any CPU.ActiveCfg = Debug|Any CPU
		{0F5F97B7-67BD-4FF6-8D30-CE6F0165F79D}.Debug|Any CPU.Build.0 = Debug|Any CPU
		{0F5F97B7-67BD-4FF6-8D30-CE6F0165F79D}.Release|Any CPU.ActiveCfg = Release|Any CPU
		{0F5F97B7-67BD-4FF6-8D30-CE6F0165F79D}.Release|Any CPU.Build.0 = Release|Any CPU
		{DE3698A2-D376-44A9-8AF7-4EBAB23A1D59}.Debug|Any CPU.ActiveCfg = Debug|Any CPU
		{DE3698A2-D376-44A9-8AF7-4EBAB23A1D59}.Debug|Any CPU.Build.0 = Debug|Any CPU
		{DE3698A2-D376-44A9-8AF7-4EBAB23A1D59}.Release|Any CPU.ActiveCfg = Release|Any CPU
		{DE3698A2-D376-44A9-8AF7-4EBAB23A1D59}.Release|Any CPU.Build.0 = Release|Any CPU
	EndGlobalSection
	GlobalSection(SolutionProperties) = preSolution
		HideSolutionNode = FALSE
	EndGlobalSection
	GlobalSection(NestedProjects) = preSolution
		{5F8C78F8-9A0F-465E-B596-48E46B1F564A} = {C745C2CC-F1A2-4C84-8CE5-A3F9C220124C}
		{E141E84A-180F-4908-A7EA-5A43D07A7B66} = {817F6C02-D0AA-4F3A-A626-AD4C97454AF4}
		{61E15993-B976-4E93-B410-FC52DE5868DA} = {B3003E85-AA57-4D29-8AED-7942A8FE2732}
		{0F5F97B7-67BD-4FF6-8D30-CE6F0165F79D} = {C8550D44-36DF-4C83-8E55-72F421D02AB2}
		{DE3698A2-D376-44A9-8AF7-4EBAB23A1D59} = {C745C2CC-F1A2-4C84-8CE5-A3F9C220124C}
	EndGlobalSection
	GlobalSection(ExtensibilityGlobals) = postSolution
		SolutionGuid = {3B2F3D8E-791B-4899-8F3C-1DBC3D59C16E}
	EndGlobalSection
EndGlobal
